{
  "nodes": {
    "home-manager": {
      "inputs": {
        "nixpkgs": "nixpkgs"
      },
      "locked": {
        "lastModified": 1702681677,
        "narHash": "sha256-Wa86ehEzoPXb9t1zXfDuKZ4ELQrFicnuuQjgFUCmxLk=",
        "owner": "nix-community",
        "repo": "home-manager",
        "rev": "abdc82d930521448e47574b8ca1a0a450e861cca",
        "type": "github"
      },
      "original": {
        "owner": "nix-community",
        "repo": "home-manager",
        "type": "github"
      }
    },
    "hyprwm-contrib": {
      "inputs": {
        "nixpkgs": "nixpkgs_2"
      },
      "locked": {
        "lastModified": 1702242899,
        "narHash": "sha256-p2FmwhHlIW3V8YzlRu/bWCiKa2a9fSardt9Eh22JlWE=",
        "owner": "hyprwm",
        "repo": "contrib",
        "rev": "740dbac96354c076a76b7cf6fe70dad150d21659",
        "type": "github"
      },
      "original": {
        "owner": "hyprwm",
        "repo": "contrib",
        "type": "github"
      }
    },
    "nixpkgs": {
      "locked": {
        "lastModified": 1702312524,
        "narHash": "sha256-gkZJRDBUCpTPBvQk25G0B7vfbpEYM5s5OZqghkjZsnE=",
        "owner": "NixOS",
        "repo": "nixpkgs",
        "rev": "a9bf124c46ef298113270b1f84a164865987a91c",
        "type": "github"
      },
      "original": {
        "owner": "NixOS",
        "ref": "nixos-unstable",
        "repo": "nixpkgs",
        "type": "github"
      }
    },
    "nixpkgs_2": {
      "locked": {
        "lastModified": 1658161305,
        "narHash": "sha256-X/nhnMCa1Wx4YapsspyAs6QYz6T/85FofrI6NpdPDHg=",
        "owner": "NixOS",
        "repo": "nixpkgs",
        "rev": "e4d49de45a3b5dbcb881656b4e3986e666141ea9",
        "type": "github"
      },
      "original": {
        "owner": "NixOS",
        "ref": "nixos-unstable",
        "repo": "nixpkgs",
        "type": "github"
      }
    },
    "nixpkgs_3": {
      "locked": {
        "lastModified": 1702312524,
        "narHash": "sha256-gkZJRDBUCpTPBvQk25G0B7vfbpEYM5s5OZqghkjZsnE=",
        "owner": "nixos",
        "repo": "nixpkgs",
        "rev": "a9bf124c46ef298113270b1f84a164865987a91c",
        "type": "github"
      },
      "original": {
        "owner": "nixos",
        "ref": "nixos-unstable",
        "repo": "nixpkgs",
        "type": "github"
      }
    },
    "root": {
      "inputs": {
        "home-manager": "home-manager",
        "hyprwm-contrib": "hyprwm-contrib",
        "nixpkgs": "nixpkgs_3",
        "sddm-catppuccin": "sddm-catppuccin"
      }
    },
    "sddm-catppuccin": {
      "flake": false,
      "locked": {
        "lastModified": 1701805879,
        "narHash": "sha256-Jf4xfgJEzLM7WiVsERVkj5k80Fhh1edUl6zsSBbQi6Y=",
        "owner": "catppuccin",
        "repo": "sddm",
        "rev": "95bfcba80a3b0cb5d9a6fad422a28f11a5064991",
        "type": "github"
      },
      "original": {
        "owner": "catppuccin",
        "repo": "sddm",
        "type": "github"
      }
    }
  },
  "root": "root",
  "version": 7
}
