{
  "nodes": {
    "flake-utils": {
      "locked": {
        "lastModified": 1667395993,
        "narHash": "sha256-nuEHfE/LcWyuSWnS8t12N1wc105Qtau+/OdUAjtQ0rA=",
        "owner": "numtide",
        "repo": "flake-utils",
        "rev": "5aed5285a952e0b949eb3ba02c12fa4fcfef535f",
        "type": "github"
      },
      "original": {
        "owner": "numtide",
        "repo": "flake-utils",
        "type": "github"
      }
    },
    "getchoo": {
      "inputs": {
        "nixpkgs": "nixpkgs"
      },
      "locked": {
        "lastModified": 1698316374,
        "narHash": "sha256-PBDRdcJkKRd51dNo0OQOExJW1dlfGMNGa8Di96dgV1k=",
        "ref": "refs/heads/main",
        "rev": "522bd25017cdd03ffc84a7e1466e47dc8461465b",
        "revCount": 174,
        "type": "git",
        "url": "file:///home/shudawei/git/getchoo.nix-exprs"
      },
      "original": {
        "type": "git",
        "url": "file:///home/shudawei/git/getchoo.nix-exprs"
      }
    },
    "grub-theme": {
      "flake": false,
      "locked": {
        "lastModified": 1672329233,
        "narHash": "sha256-/bSolCta8GCZ4lP0u5NVqYQ9Y3ZooYCNdTwORNvR7M0=",
        "owner": "catppuccin",
        "repo": "grub",
        "rev": "803c5df0e83aba61668777bb96d90ab8f6847106",
        "type": "github"
      },
      "original": {
        "owner": "catppuccin",
        "repo": "grub",
        "type": "github"
      }
    },
    "home-manager": {
      "inputs": {
        "nixpkgs": [
          "nixpkgs"
        ]
      },
      "locked": {
        "lastModified": 1698250431,
        "narHash": "sha256-qs2gTeH4wpnWPO6Oi6sOhp2IhG0i0DzcnrJxIY3/CP8=",
        "owner": "nix-community",
        "repo": "home-manager",
        "rev": "09587fbbc6a669f7725613e044c2577dc5d43ab5",
        "type": "github"
      },
      "original": {
        "owner": "nix-community",
        "repo": "home-manager",
        "type": "github"
      }
    },
    "hyprland-contrib": {
      "inputs": {
        "nixpkgs": [
          "nixpkgs"
        ]
      },
      "locked": {
        "lastModified": 1698136694,
        "narHash": "sha256-YKtA8un/BMJY17r9ydLa08y2St7Dtai2y/67t1+UGeM=",
        "owner": "hyprwm",
        "repo": "contrib",
        "rev": "5fd96ad55f4695837e938a8da0a83babcb64371f",
        "type": "github"
      },
      "original": {
        "owner": "hyprwm",
        "repo": "contrib",
        "type": "github"
      }
    },
    "neovim": {
      "inputs": {
        "flake-utils": "flake-utils",
        "nixpkgs": [
          "nixpkgs"
        ]
      },
      "locked": {
        "dir": "contrib",
        "lastModified": 1696883897,
        "narHash": "sha256-Lyo98cAs7Zhx23N4s4f3zpWFKYJMmXleWpt3wiVDQZo=",
        "owner": "neovim",
        "repo": "neovim",
        "rev": "d772f697a281ce9c58bf933997b87c7f27428a60",
        "type": "github"
      },
      "original": {
        "dir": "contrib",
        "owner": "neovim",
        "ref": "stable",
        "repo": "neovim",
        "type": "github"
      }
    },
    "nixpkgs": {
      "locked": {
        "lastModified": 1697723726,
        "narHash": "sha256-SaTWPkI8a5xSHX/rrKzUe+/uVNy6zCGMXgoeMb7T9rg=",
        "owner": "NixOS",
        "repo": "nixpkgs",
        "rev": "7c9cc5a6e5d38010801741ac830a3f8fd667a7a0",
        "type": "github"
      },
      "original": {
        "id": "nixpkgs",
        "ref": "nixos-unstable",
        "type": "indirect"
      }
    },
    "nixpkgs-stable": {
      "locked": {
        "lastModified": 1698160471,
        "narHash": "sha256-lH7ZEItqQOWi21St9JyE6t3yyFNYGoQqSEcS90WMnBY=",
        "owner": "nixos",
        "repo": "nixpkgs",
        "rev": "04f431fe64a5ba8ff129cbbbfec489cfe903982c",
        "type": "github"
      },
      "original": {
        "owner": "nixos",
        "ref": "nixos-23.05",
        "repo": "nixpkgs",
        "type": "github"
      }
    },
    "nixpkgs_2": {
      "locked": {
        "lastModified": 1698134075,
        "narHash": "sha256-foCD+nuKzfh49bIoiCBur4+Fx1nozo+4C/6k8BYk4sg=",
        "owner": "nixos",
        "repo": "nixpkgs",
        "rev": "8efd5d1e283604f75a808a20e6cde0ef313d07d4",
        "type": "github"
      },
      "original": {
        "owner": "nixos",
        "ref": "nixos-unstable",
        "repo": "nixpkgs",
        "type": "github"
      }
    },
    "root": {
      "inputs": {
        "getchoo": "getchoo",
        "grub-theme": "grub-theme",
        "home-manager": "home-manager",
        "hyprland-contrib": "hyprland-contrib",
        "neovim": "neovim",
        "nixpkgs": "nixpkgs_2",
        "nixpkgs-stable": "nixpkgs-stable"
      }
    }
  },
  "root": "root",
  "version": 7
}
